
Microsoft Visual Studio Solution File, Format Version 12.00
# Visual Studio Version 16
VisualStudioVersion = 16.0.30907.101
MinimumVisualStudioVersion = 10.0.40219.1
Project("{9A19103F-16F7-4668-BE54-9A1E7A4F7556}") = "01_Numbers_from_1_to_100", "01_Numbers_from_1_to_100.csproj", "{D97D37E4-A02E-4EFE-AFC7-F536DBCDA800}"
EndProject
Global
	GlobalSection(SolutionConfigurationPlatforms) = preSolution
		Debug|Any CPU = Debug|Any CPU
		Release|Any CPU = Release|Any CPU
	EndGlobalSection
	GlobalSection(ProjectConfigurationPlatforms) = postSolution
		{D97D37E4-A02E-4EFE-AFC7-F536DBCDA800}.Debug|Any CPU.ActiveCfg = Debug|Any CPU
		{D97D37E4-A02E-4EFE-AFC7-F536DBCDA800}.Debug|Any CPU.Build.0 = Debug|Any CPU
		{D97D37E4-A02E-4EFE-AFC7-F536DBCDA800}.Release|Any CPU.ActiveCfg = Release|Any CPU
		{D97D37E4-A02E-4EFE-AFC7-F536DBCDA800}.Release|Any CPU.Build.0 = Release|Any CPU
	EndGlobalSection
	GlobalSection(SolutionProperties) = preSolution
		HideSolutionNode = FALSE
	EndGlobalSection
	GlobalSection(ExtensibilityGlobals) = postSolution
		SolutionGuid = {B5716123-B7DD-4791-80B9-A20D18417DA6}
	EndGlobalSection
EndGlobal
